{
  "name": "super-compress",
  "version": "1.0.6",
  "lockfileVersion": 1,
  "requires": true,
  "dependencies": {
    "node-watch": {
      "version": "0.7.1",
      "resolved": "https://registry.nlark.com/node-watch/download/node-watch-0.7.1.tgz",
      "integrity": "sha1-DKqmpoM7DVM0h/lTxSpseHdpunw="
    },
    "promise-nodeify": {
      "version": "3.0.1",
      "resolved": "https://registry.npm.taobao.org/promise-nodeify/download/promise-nodeify-3.0.1.tgz",
      "integrity": "sha1-8PXZcg7p7HHdK/qSZnvlBMECKcI="
    },
    "proxying-agent": {
      "version": "2.4.0",
      "resolved": "https://registry.nlark.com/proxying-agent/download/proxying-agent-2.4.0.tgz",
      "integrity": "sha1-Z5ZUn8Rr80I1VEQPZKREkiD5AU0="
    },
    "tinify": {
      "version": "1.6.0-beta.2",
      "resolved": "https://registry.npm.taobao.org/tinify/download/tinify-1.6.0-beta.2.tgz",
      "integrity": "sha1-WYXKAh0RaF2EbFOshGXc54EWrf4=",
      "requires": {
        "promise-nodeify": ">= 0.1",
        "proxying-agent": ">= 2.1"
      }
    }
  }
}
